
Microsoft Visual Studio Solution File, Format Version 12.00
# Visual Studio 15
VisualStudioVersion = 15.0.26730.12
MinimumVisualStudioVersion = 10.0.40219.1
Project("{FAE04EC0-301F-11D3-BF4B-00C04F79EFBC}") = "Ntreev.Crema.VisualStudio.ResXGeneration", "Ntreev.Crema.VisualStudio.ResXGeneration\Ntreev.Crema.VisualStudio.ResXGeneration.csproj", "{FC5EB9A3-A982-4288-BF06-A08B73331211}"
EndProject
Global
	GlobalSection(SolutionConfigurationPlatforms) = preSolution
		Debug|Any CPU = Debug|Any CPU
		Release|Any CPU = Release|Any CPU
	EndGlobalSection
	GlobalSection(ProjectConfigurationPlatforms) = postSolution
		{FC5EB9A3-A982-4288-BF06-A08B73331211}.Debug|Any CPU.ActiveCfg = Debug|Any CPU
		{FC5EB9A3-A982-4288-BF06-A08B73331211}.Debug|Any CPU.Build.0 = Debug|Any CPU
		{FC5EB9A3-A982-4288-BF06-A08B73331211}.Release|Any CPU.ActiveCfg = Release|Any CPU
		{FC5EB9A3-A982-4288-BF06-A08B73331211}.Release|Any CPU.Build.0 = Release|Any CPU
	EndGlobalSection
	GlobalSection(SolutionProperties) = preSolution
		HideSolutionNode = FALSE
	EndGlobalSection
	GlobalSection(ExtensibilityGlobals) = postSolution
		SolutionGuid = {58CF6B39-A570-41E6-8F05-0D5391D92C84}
	EndGlobalSection
EndGlobal
